
Microsoft Visual Studio Solution File, Format Version 12.00
# Visual Studio Version 17
VisualStudioVersion = 17.5.33424.131
MinimumVisualStudioVersion = 10.0.40219.1
Project("{FAE04EC0-301F-11D3-BF4B-00C04F79EFBC}") = "ProvaBim3", "ProvaBim3\ProvaBim3.csproj", "{FA329444-D7C9-4ACB-AD15-2260B0CE20B0}"
EndProject
Global
	GlobalSection(SolutionConfigurationPlatforms) = preSolution
		Debug|Any CPU = Debug|Any CPU
		Release|Any CPU = Release|Any CPU
	EndGlobalSection
	GlobalSection(ProjectConfigurationPlatforms) = postSolution
		{FA329444-D7C9-4ACB-AD15-2260B0CE20B0}.Debug|Any CPU.ActiveCfg = Debug|Any CPU
		{FA329444-D7C9-4ACB-AD15-2260B0CE20B0}.Debug|Any CPU.Build.0 = Debug|Any CPU
		{FA329444-D7C9-4ACB-AD15-2260B0CE20B0}.Release|Any CPU.ActiveCfg = Release|Any CPU
		{FA329444-D7C9-4ACB-AD15-2260B0CE20B0}.Release|Any CPU.Build.0 = Release|Any CPU
	EndGlobalSection
	GlobalSection(SolutionProperties) = preSolution
		HideSolutionNode = FALSE
	EndGlobalSection
	GlobalSection(ExtensibilityGlobals) = postSolution
		SolutionGuid = {30F06105-028D-4A58-9BE0-597A29D4AB96}
	EndGlobalSection
EndGlobal
